Microsoft Visual Studio Solution File, Format Version 12.00
# Visual Studio Version 17
VisualStudioVersion = 17.5.2.0
MinimumVisualStudioVersion = 10.0.40219.1
Project("{FAE04EC0-301F-11D3-BF4B-00C04F79EFBC}") = "ConstructionBidPortal.API", "ConstructionBidPortal.API.csproj", "{7BBB5EBC-92E9-DE97-0E7F-143E5F3875A9}"
EndProject
Global
	GlobalSection(SolutionConfigurationPlatforms) = preSolution
		Debug|Any CPU = Debug|Any CPU
		Release|Any CPU = Release|Any CPU
	EndGlobalSection
	GlobalSection(ProjectConfigurationPlatforms) = postSolution
		{7BBB5EBC-92E9-DE97-0E7F-143E5F3875A9}.Debug|Any CPU.ActiveCfg = Debug|Any CPU
		{7BBB5EBC-92E9-DE97-0E7F-143E5F3875A9}.Debug|Any CPU.Build.0 = Debug|Any CPU
		{7BBB5EBC-92E9-DE97-0E7F-143E5F3875A9}.Release|Any CPU.ActiveCfg = Release|Any CPU
		{7BBB5EBC-92E9-DE97-0E7F-143E5F3875A9}.Release|Any CPU.Build.0 = Release|Any CPU
	EndGlobalSection
	GlobalSection(SolutionProperties) = preSolution
		HideSolutionNode = FALSE
	EndGlobalSection
	GlobalSection(ExtensibilityGlobals) = postSolution
		SolutionGuid = {D3B195E2-0A60-4F16-B2E4-0777B8167DD3}
	EndGlobalSection
EndGlobal
